// !$*UTF8*$!
{
	archiveVersion = 1;
	classes = {
	};
	objectVersion = 46;
	objects = {

/* Begin PBXBuildFile section */
		8C0F2B0D1ECA46340059F1E6 /* clintonHill.jpg in Resources */ = {isa = PBXBuildFile; fileRef = 8C0F2B0A1ECA46340059F1E6 /* clintonHill.jpg */; };
		8C0F2B0E1ECA46340059F1E6 /* trinityPlace.jpg in Resources */ = {isa = PBXBuildFile; fileRef = 8C0F2B0B1ECA46340059F1E6 /* trinityPlace.jpg */; };
		8C0F2B0F1ECA46340059F1E6 /* wogies.jpg in Resources */ = {isa = PBXBuildFile; fileRef = 8C0F2B0C1ECA46340059F1E6 /* wogies.jpg */; };
		8C1C74681EC393CB0027A618 /* AppDelegate.swift in Sources */ = {isa = PBXBuildFile; fileRef = 8C1C74671EC393CB0027A618 /* AppDelegate.swift */; };
		8C1C746A1EC393CB0027A618 /* ViewController.swift in Sources */ = {isa = PBXBuildFile; fileRef = 8C1C74691EC393CB0027A618 /* ViewController.swift */; };
		8C1C746D1EC393CB0027A618 /* Main.storyboard in Resources */ = {isa = PBXBuildFile; fileRef = 8C1C746B1EC393CB0027A618 /* Main.storyboard */; };
		8C1C746F1EC393CB0027A618 /* Assets.xcassets in Resources */ = {isa = PBXBuildFile; fileRef = 8C1C746E1EC393CB0027A618 /* Assets.xcassets */; };
		8C1C74721EC393CB0027A618 /* LaunchScreen.storyboard in Resources */ = {isa = PBXBuildFile; fileRef = 8C1C74701EC393CB0027A618 /* LaunchScreen.storyboard */; };
		8CB7E3A01ECB645D00CC9720 /* WebViewController.swift in Sources */ = {isa = PBXBuildFile; fileRef = 8CB7E39E1ECB645D00CC9720 /* WebViewController.swift */; };
		8CF1A9091EC4BCEC00669559 /* apple-icon-180x180.png in Resources */ = {isa = PBXBuildFile; fileRef = 8CF1A9081EC4BCEC00669559 /* apple-icon-180x180.png */; };
		8CF1A90B1EC6138C00669559 /* BarList.plist in Resources */ = {isa = PBXBuildFile; fileRef = 8CF1A90A1EC6138C00669559 /* BarList.plist */; };
		8CF1A9131EC637BE00669559 /* Bar.swift in Sources */ = {isa = PBXBuildFile; fileRef = 8CF1A9121EC637BE00669559 /* Bar.swift */; };
/* End PBXBuildFile section */

/* Begin PBXFileReference section */
		8C0F2B0A1ECA46340059F1E6 /* clintonHill.jpg */ = {isa = PBXFileReference; lastKnownFileType = image.jpeg; path = clintonHill.jpg; sourceTree = "<group>"; };
		8C0F2B0B1ECA46340059F1E6 /* trinityPlace.jpg */ = {isa = PBXFileReference; lastKnownFileType = image.jpeg; path = trinityPlace.jpg; sourceTree = "<group>"; };
		8C0F2B0C1ECA46340059F1E6 /* wogies.jpg */ = {isa = PBXFileReference; lastKnownFileType = image.jpeg; path = wogies.jpg; sourceTree = "<group>"; };
		8C1C74641EC393CB0027A618 /* MapsProject.app */ = {isa = PBXFileReference; explicitFileType = wrapper.application; includeInIndex = 0; path = MapsProject.app; sourceTree = BUILT_PRODUCTS_DIR; };
		8C1C74671EC393CB0027A618 /* AppDelegate.swift */ = {isa = PBXFileReference; lastKnownFileType = sourcecode.swift; path = AppDelegate.swift; sourceTree = "<group>"; };
		8C1C74691EC393CB0027A618 /* ViewController.swift */ = {isa = PBXFileReference; lastKnownFileType = sourcecode.swift; path = ViewController.swift; sourceTree = "<group>"; };
		8C1C746C1EC393CB0027A618 /* Base */ = {isa = PBXFileReference; lastKnownFileType = file.storyboard; name = Base; path = Base.lproj/Main.storyboard; sourceTree = "<group>"; };
		8C1C746E1EC393CB0027A618 /* Assets.xcassets */ = {isa = PBXFileReference; lastKnownFileType = folder.assetcatalog; path = Assets.xcassets; sourceTree = "<group>"; };
		8C1C74711EC393CB0027A618 /* Base */ = {isa = PBXFileReference; lastKnownFileType = file.storyboard; name = Base; path = Base.lproj/LaunchScreen.storyboard; sourceTree = "<group>"; };
		8C1C74731EC393CB0027A618 /* Info.plist */ = {isa = PBXFileReference; lastKnownFileType = text.plist.xml; path = Info.plist; sourceTree = "<group>"; };
		8CB7E39E1ECB645D00CC9720 /* WebViewController.swift */ = {isa = PBXFileReference; fileEncoding = 4; lastKnownFileType = sourcecode.swift; name = WebViewController.swift; path = ../WebViewController.swift; sourceTree = "<group>"; };
		8CF1A9081EC4BCEC00669559 /* apple-icon-180x180.png */ = {isa = PBXFileReference; lastKnownFileType = image.png; name = "apple-icon-180x180.png"; path = "../../../TTT App Curriculum/4-2 MapView/apple-icon-180x180.png"; sourceTree = "<group>"; };
		8CF1A90A1EC6138C00669559 /* BarList.plist */ = {isa = PBXFileReference; fileEncoding = 4; lastKnownFileType = text.plist.xml; path = BarList.plist; sourceTree = "<group>"; };
		8CF1A9121EC637BE00669559 /* Bar.swift */ = {isa = PBXFileReference; fileEncoding = 4; lastKnownFileType = sourcecode.swift; path = Bar.swift; sourceTree = "<group>"; };
/* End PBXFileReference section */

/* Begin PBXFrameworksBuildPhase section */
		8C1C74611EC393CB0027A618 /* Frameworks */ = {
			isa = PBXFrameworksBuildPhase;
			buildActionMask = 2147483647;
			files = (
			);
			runOnlyForDeploymentPostprocessing = 0;
		};
/* End PBXFrameworksBuildPhase section */

/* Begin PBXGroup section */
		8C1C745B1EC393CB0027A618 = {
			isa = PBXGroup;
			children = (
				8C1C74661EC393CB0027A618 /* MapsProject */,
				8C1C74651EC393CB0027A618 /* Products */,
				8C1C74791EC39F110027A618 /* Pictures */,
			);
			sourceTree = "<group>";
		};
		8C1C74651EC393CB0027A618 /* Products */ = {
			isa = PBXGroup;
			children = (
				8C1C74641EC393CB0027A618 /* MapsProject.app */,
			);
			name = Products;
			sourceTree = "<group>";
		};
		8C1C74661EC393CB0027A618 /* MapsProject */ = {
			isa = PBXGroup;
			children = (
				8C1C74671EC393CB0027A618 /* AppDelegate.swift */,
				8CF1A9121EC637BE00669559 /* Bar.swift */,
				8C1C74691EC393CB0027A618 /* ViewController.swift */,
				8CB7E39E1ECB645D00CC9720 /* WebViewController.swift */,
				8C1C746B1EC393CB0027A618 /* Main.storyboard */,
				8C1C746E1EC393CB0027A618 /* Assets.xcassets */,
				8C1C74701EC393CB0027A618 /* LaunchScreen.storyboard */,
				8C1C74731EC393CB0027A618 /* Info.plist */,
				8CF1A90A1EC6138C00669559 /* BarList.plist */,
			);
			path = MapsProject;
			sourceTree = "<group>";
		};
		8C1C74791EC39F110027A618 /* Pictures */ = {
			isa = PBXGroup;
			children = (
				8C0F2B0A1ECA46340059F1E6 /* clintonHill.jpg */,
				8C0F2B0B1ECA46340059F1E6 /* trinityPlace.jpg */,
				8C0F2B0C1ECA46340059F1E6 /* wogies.jpg */,
				8CF1A9081EC4BCEC00669559 /* apple-icon-180x180.png */,
			);
			name = Pictures;
			path = MapsProject;
			sourceTree = "<group>";
		};
/* End PBXGroup section */

/* Begin PBXNativeTarget section */
		8C1C74631EC393CB0027A618 /* MapsProject */ = {
			isa = PBXNativeTarget;
			buildConfigurationList = 8C1C74761EC393CB0027A618 /* Build configuration list for PBXNativeTarget "MapsProject" */;
			buildPhases = (
				8C1C74601EC393CB0027A618 /* Sources */,
				8C1C74611EC393CB0027A618 /* Frameworks */,
				8C1C74621EC393CB0027A618 /* Resources */,
			);
			buildRules = (
			);
			dependencies = (
			);
			name = MapsProject;
			productName = MapsProject;
			productReference = 8C1C74641EC393CB0027A618 /* MapsProject.app */;
			productType = "com.apple.product-type.application";
		};
/* End PBXNativeTarget section */

/* Begin PBXProject section */
		8C1C745C1EC393CB0027A618 /* Project object */ = {
			isa = PBXProject;
			attributes = {
				LastSwiftUpdateCheck = 0830;
				LastUpgradeCheck = 0830;
				ORGANIZATIONNAME = "Miguel Tepale";
				TargetAttributes = {
					8C1C74631EC393CB0027A618 = {
						CreatedOnToolsVersion = 8.3.1;
						DevelopmentTeam = 5C8D6R84CB;
						ProvisioningStyle = Automatic;
					};
				};
			};
			buildConfigurationList = 8C1C745F1EC393CB0027A618 /* Build configuration list for PBXProject "MapsProject" */;
			compatibilityVersion = "Xcode 3.2";
			developmentRegion = English;
			hasScannedForEncodings = 0;
			knownRegions = (
				en,
				Base,
			);
			mainGroup = 8C1C745B1EC393CB0027A618;
			productRefGroup = 8C1C74651EC393CB0027A618 /* Products */;
			projectDirPath = "";
			projectRoot = "";
			targets = (
				8C1C74631EC393CB0027A618 /* MapsProject */,
			);
		};
/* End PBXProject section */

/* Begin PBXResourcesBuildPhase section */
		8C1C74621EC393CB0027A618 /* Resources */ = {
			isa = PBXResourcesBuildPhase;
			buildActionMask = 2147483647;
			files = (
				8CF1A9091EC4BCEC00669559 /* apple-icon-180x180.png in Resources */,
				8C0F2B0E1ECA46340059F1E6 /* trinityPlace.jpg in Resources */,
				8C1C74721EC393CB0027A618 /* LaunchScreen.storyboard in Resources */,
				8C0F2B0D1ECA46340059F1E6 /* clintonHill.jpg in Resources */,
				8CF1A90B1EC6138C00669559 /* BarList.plist in Resources */,
				8C1C746F1EC393CB0027A618 /* Assets.xcassets in Resources */,
				8C0F2B0F1ECA46340059F1E6 /* wogies.jpg in Resources */,
				8C1C746D1EC393CB0027A618 /* Main.storyboard in Resources */,
			);
			runOnlyForDeploymentPostprocessing = 0;
		};
/* End PBXResourcesBuildPhase section */

/* Begin PBXSourcesBuildPhase section */
		8C1C74601EC393CB0027A618 /* Sources */ = {
			isa = PBXSourcesBuildPhase;
			buildActionMask = 2147483647;
			files = (
				8CF1A9131EC637BE00669559 /* Bar.swift in Sources */,
				8C1C746A1EC393CB0027A618 /* ViewController.swift in Sources */,
				8C1C74681EC393CB0027A618 /* AppDelegate.swift in Sources */,
				8CB7E3A01ECB645D00CC9720 /* WebViewController.swift in Sources */,
			);
			runOnlyForDeploymentPostprocessing = 0;
		};
/* End PBXSourcesBuildPhase section */

/* Begin PBXVariantGroup section */
		8C1C746B1EC393CB0027A618 /* Main.storyboard */ = {
			isa = PBXVariantGroup;
			children = (
				8C1C746C1EC393CB0027A618 /* Base */,
			);
			name = Main.storyboard;
			sourceTree = "<group>";
		};
		8C1C74701EC393CB0027A618 /* LaunchScreen.storyboard */ = {
			isa = PBXVariantGroup;
			children = (
				8C1C74711EC393CB0027A618 /* Base */,
			);
			name = LaunchScreen.storyboard;
			sourceTree = "<group>";
		};
/* End PBXVariantGroup section */

/* Begin XCBuildConfiguration section */
		8C1C74741EC393CB0027A618 /* Debug */ = {
			isa = XCBuildConfiguration;
			buildSettings = {
				ALWAYS_SEARCH_USER_PATHS = NO;
				CLANG_ANALYZER_NONNULL = YES;
				CLANG_ANALYZER_NUMBER_OBJECT_CONVERSION = YES_AGGRESSIVE;
				CLANG_CXX_LANGUAGE_STANDARD = "gnu++0x";
				CLANG_CXX_LIBRARY = "libc++";
				CLANG_ENABLE_MODULES = YES;
				CLANG_ENABLE_OBJC_ARC = YES;
				CLANG_WARN_BOOL_CONVERSION = YES;
				CLANG_WARN_CONSTANT_CONVERSION = YES;
				CLANG_WARN_DIRECT_OBJC_ISA_USAGE = YES_ERROR;
				CLANG_WARN_DOCUMENTATION_COMMENTS = YES;
				CLANG_WARN_EMPTY_BODY = YES;
				CLANG_WARN_ENUM_CONVERSION = YES;
				CLANG_WARN_INFINITE_RECURSION = YES;
				CLANG_WARN_INT_CONVERSION = YES;
				CLANG_WARN_OBJC_ROOT_CLASS = YES_ERROR;
				CLANG_WARN_SUSPICIOUS_MOVE = YES;
				CLANG_WARN_UNREACHABLE_CODE = YES;
				CLANG_WARN__DUPLICATE_METHOD_MATCH = YES;
				"CODE_SIGN_IDENTITY[sdk=iphoneos*]" = "iPhone Developer";
				COPY_PHASE_STRIP = NO;
				DEBUG_INFORMATION_FORMAT = dwarf;
				ENABLE_STRICT_OBJC_MSGSEND = YES;
				ENABLE_TESTABILITY = YES;
				GCC_C_LANGUAGE_STANDARD = gnu99;
				GCC_DYNAMIC_NO_PIC = NO;
				GCC_NO_COMMON_BLOCKS = YES;
				GCC_OPTIMIZATION_LEVEL = 0;
				GCC_PREPROCESSOR_DEFINITIONS = (
					"DEBUG=1",
					"$(inherited)",
				);
				GCC_WARN_64_TO_32_BIT_CONVERSION = YES;
				GCC_WARN_ABOUT_RETURN_TYPE = YES_ERROR;
				GCC_WARN_UNDECLARED_SELECTOR = YES;
				GCC_WARN_UNINITIALIZED_AUTOS = YES_AGGRESSIVE;
				GCC_WARN_UNUSED_FUNCTION = YES;
				GCC_WARN_UNUSED_VARIABLE = YES;
				IPHONEOS_DEPLOYMENT_TARGET = 10.3;
				MTL_ENABLE_DEBUG_INFO = YES;
				ONLY_ACTIVE_ARCH = YES;
				SDKROOT = iphoneos;
				SWIFT_ACTIVE_COMPILATION_CONDITIONS = DEBUG;
				SWIFT_OPTIMIZATION_LEVEL = "-Onone";
			};
			name = Debug;
		};
		8C1C74751EC393CB0027A618 /* Release */ = {
			isa = XCBuildConfiguration;
			buildSettings = {
				ALWAYS_SEARCH_USER_PATHS = NO;
				CLANG_ANALYZER_NONNULL = YES;
				CLANG_ANALYZER_NUMBER_OBJECT_CONVERSION = YES_AGGRESSIVE;
				CLANG_CXX_LANGUAGE_STANDARD = "gnu++0x";
				CLANG_CXX_LIBRARY = "libc++";
				CLANG_ENABLE_MODULES = YES;
				CLANG_ENABLE_OBJC_ARC = YES;
				CLANG_WARN_BOOL_CONVERSION = YES;
				CLANG_WARN_CONSTANT_CONVERSION = YES;
				CLANG_WARN_DIRECT_OBJC_ISA_USAGE = YES_ERROR;
				CLANG_WARN_DOCUMENTATION_COMMENTS = YES;
				CLANG_WARN_EMPTY_BODY = YES;
				CLANG_WARN_ENUM_CONVERSION = YES;
				CLANG_WARN_INFINITE_RECURSION = YES;
				CLANG_WARN_INT_CONVERSION = YES;
				CLANG_WARN_OBJC_ROOT_CLASS = YES_ERROR;
				CLANG_WARN_SUSPICIOUS_MOVE = YES;
				CLANG_WARN_UNREACHABLE_CODE = YES;
				CLANG_WARN__DUPLICATE_METHOD_MATCH = YES;
				"CODE_SIGN_IDENTITY[sdk=iphoneos*]" = "iPhone Developer";
				COPY_PHASE_STRIP = NO;
				DEBUG_INFORMATION_FORMAT = "dwarf-with-dsym";
				ENABLE_NS_ASSERTIONS = NO;
				ENABLE_STRICT_OBJC_MSGSEND = YES;
				GCC_C_LANGUAGE_STANDARD = gnu99;
				GCC_NO_COMMON_BLOCKS = YES;
				GCC_WARN_64_TO_32_BIT_CONVERSION = YES;
				GCC_WARN_ABOUT_RETURN_TYPE = YES_ERROR;
				GCC_WARN_UNDECLARED_SELECTOR = YES;
				GCC_WARN_UNINITIALIZED_AUTOS = YES_AGGRESSIVE;
				GCC_WARN_UNUSED_FUNCTION = YES;
				GCC_WARN_UNUSED_VARIABLE = YES;
				IPHONEOS_DEPLOYMENT_TARGET = 10.3;
				MTL_ENABLE_DEBUG_INFO = NO;
				SDKROOT = iphoneos;
				SWIFT_OPTIMIZATION_LEVEL = "-Owholemodule";
				VALIDATE_PRODUCT = YES;
			};
			name = Release;
		};
		8C1C74771EC393CB0027A618 /* Debug */ = {
			isa = XCBuildConfiguration;
			buildSettings = {
				ASSETCATALOG_COMPILER_APPICON_NAME = AppIcon;
				DEVELOPMENT_TEAM = 5C8D6R84CB;
				INFOPLIST_FILE = MapsProject/Info.plist;
				LD_RUNPATH_SEARCH_PATHS = "$(inherited) @executable_path/Frameworks";
				PRODUCT_BUNDLE_IDENTIFIER = "Miguel-Tepale.MapsProject";
				PRODUCT_NAME = "$(TARGET_NAME)";
				SWIFT_OPTIMIZATION_LEVEL = "-Onone";
				SWIFT_VERSION = 3.0;
			};
			name = Debug;
		};
		8C1C74781EC393CB0027A618 /* Release */ = {
			isa = XCBuildConfiguration;
			buildSettings = {
				ASSETCATALOG_COMPILER_APPICON_NAME = AppIcon;
				DEVELOPMENT_TEAM = 5C8D6R84CB;
				INFOPLIST_FILE = MapsProject/Info.plist;
				LD_RUNPATH_SEARCH_PATHS = "$(inherited) @executable_path/Frameworks";
				PRODUCT_BUNDLE_IDENTIFIER = "Miguel-Tepale.MapsProject";
				PRODUCT_NAME = "$(TARGET_NAME)";
				SWIFT_VERSION = 3.0;
			};
			name = Release;
		};
/* End XCBuildConfiguration section */

/* Begin XCConfigurationList section */
		8C1C745F1EC393CB0027A618 /* Build configuration list for PBXProject "MapsProject" */ = {
			isa = XCConfigurationList;
			buildConfigurations = (
				8C1C74741EC393CB0027A618 /* Debug */,
				8C1C74751EC393CB0027A618 /* Release */,
			);
			defaultConfigurationIsVisible = 0;
			defaultConfigurationName = Release;
		};
		8C1C74761EC393CB0027A618 /* Build configuration list for PBXNativeTarget "MapsProject" */ = {
			isa = XCConfigurationList;
			buildConfigurations = (
				8C1C74771EC393CB0027A618 /* Debug */,
				8C1C74781EC393CB0027A618 /* Release */,
			);
			defaultConfigurationIsVisible = 0;
			defaultConfigurationName = Release;
		};
/* End XCConfigurationList section */
	};
	rootObject = 8C1C745C1EC393CB0027A618 /* Project object */;
}
